{
  "lockfileVersion": 1,
  "workspaces": {
    "": {
      "name": "@slidev/theme-apple-basic",
      "dependencies": {
        "@slidev/types": "^0.47.0",
        "codemirror-theme-vars": "^0.1.2",
        "prism-theme-vars": "^0.2.4",
      },
    },
  },
  "packages": {
    "@slidev/types": ["@slidev/types@0.47.5", "", {}, "sha512-X67V4cCgM0Sz50bP8GbVzmiL8DHC2IXvdKcsN7DlxHyf+/T4d9GveeGukwha5Fx3MuYeGZWKag7TFL2ZY4w54A=="],

    "codemirror-theme-vars": ["codemirror-theme-vars@0.1.2", "", {}, "sha512-WTau8X2q58b0SOAY9DO+iQVw8JKVEgyQIqArp2D732tcc+pobbMta3bnVMdQdmgwuvNrOFFr6HoxPRoQOgooFA=="],

    "prism-theme-vars": ["prism-theme-vars@0.2.5", "", {}, "sha512-/D8gBTScYzi9afwE6v3TC1U/1YFZ6k+ly17mtVRdLpGy7E79YjJJWkXFgUDHJ2gDksV/ZnXF7ydJ4TvoDm2z/Q=="],
  }
}
